
Microsoft Visual Studio Solution File, Format Version 11.00
# Visual Studio 2010
Project("{FAE04EC0-301F-11D3-BF4B-00C04F79EFBC}") = "NiftySolution2010", "NiftySolution\NiftySolution2010.csproj", "{F9523522-B9B3-45F0-AD91-889535D9D7DD}"
EndProject
Project("{FAE04EC0-301F-11D3-BF4B-00C04F79EFBC}") = "AuroraCore2010", "Shared\AuroraCore2010.csproj", "{A2D1CBE2-C37F-46E7-BF45-FCA62A79F2EE}"
EndProject
Project("{FAE04EC0-301F-11D3-BF4B-00C04F79EFBC}") = "NiftyPerforce2010", "NiftyPerforce\NiftyPerforce2010.csproj", "{CEC088B7-2C6E-433F-B308-FF75159BC02D}"
EndProject
Global
	GlobalSection(SolutionConfigurationPlatforms) = preSolution
		Debug|Any CPU = Debug|Any CPU
		Release|Any CPU = Release|Any CPU
	EndGlobalSection
	GlobalSection(ProjectConfigurationPlatforms) = postSolution
		{F9523522-B9B3-45F0-AD91-889535D9D7DD}.Debug|Any CPU.ActiveCfg = Debug|Any CPU
		{F9523522-B9B3-45F0-AD91-889535D9D7DD}.Debug|Any CPU.Build.0 = Debug|Any CPU
		{F9523522-B9B3-45F0-AD91-889535D9D7DD}.Release|Any CPU.ActiveCfg = Release|Any CPU
		{F9523522-B9B3-45F0-AD91-889535D9D7DD}.Release|Any CPU.Build.0 = Release|Any CPU
		{A2D1CBE2-C37F-46E7-BF45-FCA62A79F2EE}.Debug|Any CPU.ActiveCfg = Debug|Any CPU
		{A2D1CBE2-C37F-46E7-BF45-FCA62A79F2EE}.Debug|Any CPU.Build.0 = Debug|Any CPU
		{A2D1CBE2-C37F-46E7-BF45-FCA62A79F2EE}.Release|Any CPU.ActiveCfg = Release|Any CPU
		{A2D1CBE2-C37F-46E7-BF45-FCA62A79F2EE}.Release|Any CPU.Build.0 = Release|Any CPU
		{CEC088B7-2C6E-433F-B308-FF75159BC02D}.Debug|Any CPU.ActiveCfg = Debug|Any CPU
		{CEC088B7-2C6E-433F-B308-FF75159BC02D}.Debug|Any CPU.Build.0 = Debug|Any CPU
		{CEC088B7-2C6E-433F-B308-FF75159BC02D}.Release|Any CPU.ActiveCfg = Release|Any CPU
		{CEC088B7-2C6E-433F-B308-FF75159BC02D}.Release|Any CPU.Build.0 = Release|Any CPU
	EndGlobalSection
	GlobalSection(SolutionProperties) = preSolution
		HideSolutionNode = FALSE
	EndGlobalSection
EndGlobal
