
Microsoft Visual Studio Solution File, Format Version 9.00
# Visual Studio 2005
Project("{FAE04EC0-301F-11D3-BF4B-00C04F79EFBC}") = "NiftySolution", "NiftySolution\NiftySolution.csproj", "{F9523522-B9B3-45F0-AD91-889535D9D7DD}"
EndProject
Project("{54435603-DBB4-11D2-8724-00A0C9A8B90C}") = "NiftySolutionSetup", "NiftySolutionSetup\NiftySolutionSetup.vdproj", "{719D55A5-7E04-4B62-9532-41E8181CA941}"
EndProject
Global
	GlobalSection(SolutionConfigurationPlatforms) = preSolution
		Debug|Any CPU = Debug|Any CPU
		Release|Any CPU = Release|Any CPU
	EndGlobalSection
	GlobalSection(ProjectConfigurationPlatforms) = postSolution
		{F9523522-B9B3-45F0-AD91-889535D9D7DD}.Debug|Any CPU.ActiveCfg = Debug|Any CPU
		{F9523522-B9B3-45F0-AD91-889535D9D7DD}.Debug|Any CPU.Build.0 = Debug|Any CPU
		{F9523522-B9B3-45F0-AD91-889535D9D7DD}.Release|Any CPU.ActiveCfg = Release|Any CPU
		{F9523522-B9B3-45F0-AD91-889535D9D7DD}.Release|Any CPU.Build.0 = Release|Any CPU
		{719D55A5-7E04-4B62-9532-41E8181CA941}.Debug|Any CPU.ActiveCfg = Debug
		{719D55A5-7E04-4B62-9532-41E8181CA941}.Release|Any CPU.ActiveCfg = Release
	EndGlobalSection
	GlobalSection(SolutionProperties) = preSolution
		HideSolutionNode = FALSE
	EndGlobalSection
EndGlobal
